
Microsoft Visual Studio Solution File, Format Version 12.00
Project("{FAE04EC0-301F-11D3-BF4B-00C04F79EFBC}") = "Application", "Application\Application.csproj", "{7D51B7D3-BD2B-4E3A-A33F-B150DC684210}"
EndProject
Project("{FAE04EC0-301F-11D3-BF4B-00C04F79EFBC}") = "Tests", "Tests\Tests.csproj", "{224F0080-E3AA-4E07-B43E-D6BD45AE0F1D}"
EndProject
Global
	GlobalSection(SolutionConfigurationPlatforms) = preSolution
		Debug|Any CPU = Debug|Any CPU
		Release|Any CPU = Release|Any CPU
	EndGlobalSection
	GlobalSection(ProjectConfigurationPlatforms) = postSolution
		{7D51B7D3-BD2B-4E3A-A33F-B150DC684210}.Debug|Any CPU.ActiveCfg = Debug|Any CPU
		{7D51B7D3-BD2B-4E3A-A33F-B150DC684210}.Debug|Any CPU.Build.0 = Debug|Any CPU
		{7D51B7D3-BD2B-4E3A-A33F-B150DC684210}.Release|Any CPU.ActiveCfg = Release|Any CPU
		{7D51B7D3-BD2B-4E3A-A33F-B150DC684210}.Release|Any CPU.Build.0 = Release|Any CPU
		{224F0080-E3AA-4E07-B43E-D6BD45AE0F1D}.Debug|Any CPU.ActiveCfg = Debug|Any CPU
		{224F0080-E3AA-4E07-B43E-D6BD45AE0F1D}.Debug|Any CPU.Build.0 = Debug|Any CPU
		{224F0080-E3AA-4E07-B43E-D6BD45AE0F1D}.Release|Any CPU.ActiveCfg = Release|Any CPU
		{224F0080-E3AA-4E07-B43E-D6BD45AE0F1D}.Release|Any CPU.Build.0 = Release|Any CPU
	EndGlobalSection
EndGlobal
